<?xml version="1.0" encoding="utf-8"?>
<Project ToolsVersion="4.0" xmlns="http://schemas.microsoft.com/developer/msbuild/2003">
  <ItemGroup>
    <Filter Include="Source Files">
      <UniqueIdentifier>{4FC737F1-C7A5-4376-A066-2A32D752A2FF}</UniqueIdentifier>
      <Extensions>cpp;c;cc;cxx;def;odl;idl;hpj;bat;asm;asmx</Extensions>
    </Filter>
    <Filter Include="Header Files">
      <UniqueIdentifier>{93995380-89BD-4b04-88EB-625FBE52EBFB}</UniqueIdentifier>
      <Extensions>h;hh;hpp;hxx;hm;inl;inc;xsd</Extensions>
    </Filter>
    <Filter Include="Resource Files">
      <UniqueIdentifier>{67DA6AB6-F800-4c08-8B7A-83BB121AAD01}</UniqueIdentifier>
      <Extensions>rc;ico;cur;bmp;dlg;rc2;rct;bin;rgs;gif;jpg;jpeg;jpe;resx;tiff;tif;png;wav;mfcribbon-ms</Extensions>
    </Filter>
    <Filter Include="Source Files\states">
      <UniqueIdentifier>{09f06abd-c1e2-408b-abe5-4f3b9072e485}</UniqueIdentifier>
    </Filter>
    <Filter Include="Source Files\actors">
      <UniqueIdentifier>{b3fd9676-ea9d-485e-8c5f-ec0bb5316ba3}</UniqueIdentifier>
    </Filter>
  </ItemGroup>
  <ItemGroup>
    <ClCompile Include="main.cpp">
      <Filter>Source Files</Filter>
    </ClCompile>
    <ClCompile Include="INIReader.cpp">
      <Filter>Source Files</Filter>
    </ClCompile>
    <ClCompile Include="ini.c">
      <Filter>Source Files</Filter>
    </ClCompile>
    <ClCompile Include="mmdc_actor.cpp">
      <Filter>Source Files</Filter>
    </ClCompile>
    <ClCompile Include="mmdc_act_player.cpp">
      <Filter>Source Files\actors</Filter>
    </ClCompile>
    <ClCompile Include="mmdc_game_State.cpp">
      <Filter>Source Files</Filter>
    </ClCompile>
    <ClCompile Include="mmdc_input.cpp">
      <Filter>Source Files</Filter>
    </ClCompile>
    <ClCompile Include="mmdc_level.cpp">
      <Filter>Source Files</Filter>
    </ClCompile>
    <ClCompile Include="mmdc_render.cpp">
      <Filter>Source Files</Filter>
    </ClCompile>
    <ClCompile Include="mmdc_st_gameplay.cpp">
      <Filter>Source Files\states</Filter>
    </ClCompile>
    <ClCompile Include="mmdc_st_titlescreen.cpp">
      <Filter>Source Files\states</Filter>
    </ClCompile>
  </ItemGroup>
  <ItemGroup>
    <ClInclude Include="INIReader.h">
      <Filter>Header Files</Filter>
    </ClInclude>
    <ClInclude Include="ini.h">
      <Filter>Header Files</Filter>
    </ClInclude>
    <ClInclude Include="mmdc_actor.h">
      <Filter>Header Files</Filter>
    </ClInclude>
    <ClInclude Include="mmdc_act_player.h">
      <Filter>Source Files\actors</Filter>
    </ClInclude>
    <ClInclude Include="mmdc_data_types.h">
      <Filter>Header Files</Filter>
    </ClInclude>
    <ClInclude Include="mmdc_game_state.h">
      <Filter>Header Files</Filter>
    </ClInclude>
    <ClInclude Include="mmdc_input.h">
      <Filter>Header Files</Filter>
    </ClInclude>
    <ClInclude Include="mmdc_level.h">
      <Filter>Header Files</Filter>
    </ClInclude>
    <ClInclude Include="mmdc_render.h">
      <Filter>Header Files</Filter>
    </ClInclude>
    <ClInclude Include="mmdc_st_gameplay.h">
      <Filter>Source Files\states</Filter>
    </ClInclude>
    <ClInclude Include="mmdc_st_titlescreen.h">
      <Filter>Source Files\states</Filter>
    </ClInclude>
  </ItemGroup>
</Project>